// !$*UTF8*$!
{
	archiveVersion = 1;
	classes = {
	};
	objectVersion = 46;
	objects = {

/* Begin PBXBuildFile section */
		CFAE8B3218D92821003C8730 /* Foundation.framework in Frameworks */ = {isa = PBXBuildFile; fileRef = CFAE8B3118D92821003C8730 /* Foundation.framework */; };
		CFAE8B3418D92821003C8730 /* CoreGraphics.framework in Frameworks */ = {isa = PBXBuildFile; fileRef = CFAE8B3318D92821003C8730 /* CoreGraphics.framework */; };
		CFAE8B3618D92821003C8730 /* UIKit.framework in Frameworks */ = {isa = PBXBuildFile; fileRef = CFAE8B3518D92821003C8730 /* UIKit.framework */; };
		CFAE8B3C18D92821003C8730 /* InfoPlist.strings in Resources */ = {isa = PBXBuildFile; fileRef = CFAE8B3A18D92821003C8730 /* InfoPlist.strings */; };
		CFAE8B3E18D92821003C8730 /* main.m in Sources */ = {isa = PBXBuildFile; fileRef = CFAE8B3D18D92821003C8730 /* main.m */; };
		CFAE8B4218D92821003C8730 /* AppDelegate.m in Sources */ = {isa = PBXBuildFile; fileRef = CFAE8B4118D92821003C8730 /* AppDelegate.m */; };
		CFAE8B4518D92821003C8730 /* Main_iPhone.storyboard in Resources */ = {isa = PBXBuildFile; fileRef = CFAE8B4318D92821003C8730 /* Main_iPhone.storyboard */; };
		CFAE8B4818D92821003C8730 /* Main_iPad.storyboard in Resources */ = {isa = PBXBuildFile; fileRef = CFAE8B4618D92821003C8730 /* Main_iPad.storyboard */; };
		CFAE8B4B18D92821003C8730 /* ViewController.m in Sources */ = {isa = PBXBuildFile; fileRef = CFAE8B4A18D92821003C8730 /* ViewController.m */; };
		CFAE8B4D18D92821003C8730 /* Images.xcassets in Resources */ = {isa = PBXBuildFile; fileRef = CFAE8B4C18D92821003C8730 /* Images.xcassets */; };
		CFAE8B5418D92821003C8730 /* XCTest.framework in Frameworks */ = {isa = PBXBuildFile; fileRef = CFAE8B5318D92821003C8730 /* XCTest.framework */; };
		CFAE8B5518D92821003C8730 /* Foundation.framework in Frameworks */ = {isa = PBXBuildFile; fileRef = CFAE8B3118D92821003C8730 /* Foundation.framework */; };
		CFAE8B5618D92821003C8730 /* UIKit.framework in Frameworks */ = {isa = PBXBuildFile; fileRef = CFAE8B3518D92821003C8730 /* UIKit.framework */; };
		CFAE8B5E18D92821003C8730 /* InfoPlist.strings in Resources */ = {isa = PBXBuildFile; fileRef = CFAE8B5C18D92821003C8730 /* InfoPlist.strings */; };
		CFAE8B6018D92821003C8730 /* CustomTabbarTestTests.m in Sources */ = {isa = PBXBuildFile; fileRef = CFAE8B5F18D92821003C8730 /* CustomTabbarTestTests.m */; };
/* End PBXBuildFile section */

/* Begin PBXContainerItemProxy section */
		CFAE8B5718D92821003C8730 /* PBXContainerItemProxy */ = {
			isa = PBXContainerItemProxy;
			containerPortal = CFAE8B2618D92821003C8730 /* Project object */;
			proxyType = 1;
			remoteGlobalIDString = CFAE8B2D18D92821003C8730;
			remoteInfo = CustomTabbarTest;
		};
/* End PBXContainerItemProxy section */

/* Begin PBXFileReference section */
		CFAE8B2E18D92821003C8730 /* CustomTabbarTest.app */ = {isa = PBXFileReference; explicitFileType = wrapper.application; includeInIndex = 0; path = CustomTabbarTest.app; sourceTree = BUILT_PRODUCTS_DIR; };
		CFAE8B3118D92821003C8730 /* Foundation.framework */ = {isa = PBXFileReference; lastKnownFileType = wrapper.framework; name = Foundation.framework; path = System/Library/Frameworks/Foundation.framework; sourceTree = SDKROOT; };
		CFAE8B3318D92821003C8730 /* CoreGraphics.framework */ = {isa = PBXFileReference; lastKnownFileType = wrapper.framework; name = CoreGraphics.framework; path = System/Library/Frameworks/CoreGraphics.framework; sourceTree = SDKROOT; };
		CFAE8B3518D92821003C8730 /* UIKit.framework */ = {isa = PBXFileReference; lastKnownFileType = wrapper.framework; name = UIKit.framework; path = System/Library/Frameworks/UIKit.framework; sourceTree = SDKROOT; };
		CFAE8B3918D92821003C8730 /* CustomTabbarTest-Info.plist */ = {isa = PBXFileReference; lastKnownFileType = text.plist.xml; path = "CustomTabbarTest-Info.plist"; sourceTree = "<group>"; };
		CFAE8B3B18D92821003C8730 /* en */ = {isa = PBXFileReference; lastKnownFileType = text.plist.strings; name = en; path = en.lproj/InfoPlist.strings; sourceTree = "<group>"; };
		CFAE8B3D18D92821003C8730 /* main.m */ = {isa = PBXFileReference; lastKnownFileType = sourcecode.c.objc; path = main.m; sourceTree = "<group>"; };
		CFAE8B3F18D92821003C8730 /* CustomTabbarTest-Prefix.pch */ = {isa = PBXFileReference; lastKnownFileType = sourcecode.c.h; path = "CustomTabbarTest-Prefix.pch"; sourceTree = "<group>"; };
		CFAE8B4018D92821003C8730 /* AppDelegate.h */ = {isa = PBXFileReference; lastKnownFileType = sourcecode.c.h; path = AppDelegate.h; sourceTree = "<group>"; };
		CFAE8B4118D92821003C8730 /* AppDelegate.m */ = {isa = PBXFileReference; lastKnownFileType = sourcecode.c.objc; path = AppDelegate.m; sourceTree = "<group>"; };
		CFAE8B4418D92821003C8730 /* Base */ = {isa = PBXFileReference; lastKnownFileType = file.storyboard; name = Base; path = Base.lproj/Main_iPhone.storyboard; sourceTree = "<group>"; };
		CFAE8B4718D92821003C8730 /* Base */ = {isa = PBXFileReference; lastKnownFileType = file.storyboard; name = Base; path = Base.lproj/Main_iPad.storyboard; sourceTree = "<group>"; };
		CFAE8B4918D92821003C8730 /* ViewController.h */ = {isa = PBXFileReference; lastKnownFileType = sourcecode.c.h; path = ViewController.h; sourceTree = "<group>"; };
		CFAE8B4A18D92821003C8730 /* ViewController.m */ = {isa = PBXFileReference; lastKnownFileType = sourcecode.c.objc; path = ViewController.m; sourceTree = "<group>"; };
		CFAE8B4C18D92821003C8730 /* Images.xcassets */ = {isa = PBXFileReference; lastKnownFileType = folder.assetcatalog; path = Images.xcassets; sourceTree = "<group>"; };
		CFAE8B5218D92821003C8730 /* CustomTabbarTestTests.xctest */ = {isa = PBXFileReference; explicitFileType = wrapper.cfbundle; includeInIndex = 0; path = CustomTabbarTestTests.xctest; sourceTree = BUILT_PRODUCTS_DIR; };
		CFAE8B5318D92821003C8730 /* XCTest.framework */ = {isa = PBXFileReference; lastKnownFileType = wrapper.framework; name = XCTest.framework; path = Library/Frameworks/XCTest.framework; sourceTree = DEVELOPER_DIR; };
		CFAE8B5B18D92821003C8730 /* CustomTabbarTestTests-Info.plist */ = {isa = PBXFileReference; lastKnownFileType = text.plist.xml; path = "CustomTabbarTestTests-Info.plist"; sourceTree = "<group>"; };
		CFAE8B5D18D92821003C8730 /* en */ = {isa = PBXFileReference; lastKnownFileType = text.plist.strings; name = en; path = en.lproj/InfoPlist.strings; sourceTree = "<group>"; };
		CFAE8B5F18D92821003C8730 /* CustomTabbarTestTests.m */ = {isa = PBXFileReference; lastKnownFileType = sourcecode.c.objc; path = CustomTabbarTestTests.m; sourceTree = "<group>"; };
/* End PBXFileReference section */

/* Begin PBXFrameworksBuildPhase section */
		CFAE8B2B18D92821003C8730 /* Frameworks */ = {
			isa = PBXFrameworksBuildPhase;
			buildActionMask = 2147483647;
			files = (
				CFAE8B3418D92821003C8730 /* CoreGraphics.framework in Frameworks */,
				CFAE8B3618D92821003C8730 /* UIKit.framework in Frameworks */,
				CFAE8B3218D92821003C8730 /* Foundation.framework in Frameworks */,
			);
			runOnlyForDeploymentPostprocessing = 0;
		};
		CFAE8B4F18D92821003C8730 /* Frameworks */ = {
			isa = PBXFrameworksBuildPhase;
			buildActionMask = 2147483647;
			files = (
				CFAE8B5418D92821003C8730 /* XCTest.framework in Frameworks */,
				CFAE8B5618D92821003C8730 /* UIKit.framework in Frameworks */,
				CFAE8B5518D92821003C8730 /* Foundation.framework in Frameworks */,
			);
			runOnlyForDeploymentPostprocessing = 0;
		};
/* End PBXFrameworksBuildPhase section */

/* Begin PBXGroup section */
		CFAE8B2518D92821003C8730 = {
			isa = PBXGroup;
			children = (
				CFAE8B3718D92821003C8730 /* CustomTabbarTest */,
				CFAE8B5918D92821003C8730 /* CustomTabbarTestTests */,
				CFAE8B3018D92821003C8730 /* Frameworks */,
				CFAE8B2F18D92821003C8730 /* Products */,
			);
			sourceTree = "<group>";
		};
		CFAE8B2F18D92821003C8730 /* Products */ = {
			isa = PBXGroup;
			children = (
				CFAE8B2E18D92821003C8730 /* CustomTabbarTest.app */,
				CFAE8B5218D92821003C8730 /* CustomTabbarTestTests.xctest */,
			);
			name = Products;
			sourceTree = "<group>";
		};
		CFAE8B3018D92821003C8730 /* Frameworks */ = {
			isa = PBXGroup;
			children = (
				CFAE8B3118D92821003C8730 /* Foundation.framework */,
				CFAE8B3318D92821003C8730 /* CoreGraphics.framework */,
				CFAE8B3518D92821003C8730 /* UIKit.framework */,
				CFAE8B5318D92821003C8730 /* XCTest.framework */,
			);
			name = Frameworks;
			sourceTree = "<group>";
		};
		CFAE8B3718D92821003C8730 /* CustomTabbarTest */ = {
			isa = PBXGroup;
			children = (
				CFAE8B4018D92821003C8730 /* AppDelegate.h */,
				CFAE8B4118D92821003C8730 /* AppDelegate.m */,
				CFAE8B4318D92821003C8730 /* Main_iPhone.storyboard */,
				CFAE8B4618D92821003C8730 /* Main_iPad.storyboard */,
				CFAE8B4918D92821003C8730 /* ViewController.h */,
				CFAE8B4A18D92821003C8730 /* ViewController.m */,
				CFAE8B4C18D92821003C8730 /* Images.xcassets */,
				CFAE8B3818D92821003C8730 /* Supporting Files */,
			);
			path = CustomTabbarTest;
			sourceTree = "<group>";
		};
		CFAE8B3818D92821003C8730 /* Supporting Files */ = {
			isa = PBXGroup;
			children = (
				CFAE8B3918D92821003C8730 /* CustomTabbarTest-Info.plist */,
				CFAE8B3A18D92821003C8730 /* InfoPlist.strings */,
				CFAE8B3D18D92821003C8730 /* main.m */,
				CFAE8B3F18D92821003C8730 /* CustomTabbarTest-Prefix.pch */,
			);
			name = "Supporting Files";
			sourceTree = "<group>";
		};
		CFAE8B5918D92821003C8730 /* CustomTabbarTestTests */ = {
			isa = PBXGroup;
			children = (
				CFAE8B5F18D92821003C8730 /* CustomTabbarTestTests.m */,
				CFAE8B5A18D92821003C8730 /* Supporting Files */,
			);
			path = CustomTabbarTestTests;
			sourceTree = "<group>";
		};
		CFAE8B5A18D92821003C8730 /* Supporting Files */ = {
			isa = PBXGroup;
			children = (
				CFAE8B5B18D92821003C8730 /* CustomTabbarTestTests-Info.plist */,
				CFAE8B5C18D92821003C8730 /* InfoPlist.strings */,
			);
			name = "Supporting Files";
			sourceTree = "<group>";
		};
/* End PBXGroup section */

/* Begin PBXNativeTarget section */
		CFAE8B2D18D92821003C8730 /* CustomTabbarTest */ = {
			isa = PBXNativeTarget;
			buildConfigurationList = CFAE8B6318D92821003C8730 /* Build configuration list for PBXNativeTarget "CustomTabbarTest" */;
			buildPhases = (
				CFAE8B2A18D92821003C8730 /* Sources */,
				CFAE8B2B18D92821003C8730 /* Frameworks */,
				CFAE8B2C18D92821003C8730 /* Resources */,
			);
			buildRules = (
			);
			dependencies = (
			);
			name = CustomTabbarTest;
			productName = CustomTabbarTest;
			productReference = CFAE8B2E18D92821003C8730 /* CustomTabbarTest.app */;
			productType = "com.apple.product-type.application";
		};
		CFAE8B5118D92821003C8730 /* CustomTabbarTestTests */ = {
			isa = PBXNativeTarget;
			buildConfigurationList = CFAE8B6618D92821003C8730 /* Build configuration list for PBXNativeTarget "CustomTabbarTestTests" */;
			buildPhases = (
				CFAE8B4E18D92821003C8730 /* Sources */,
				CFAE8B4F18D92821003C8730 /* Frameworks */,
				CFAE8B5018D92821003C8730 /* Resources */,
			);
			buildRules = (
			);
			dependencies = (
				CFAE8B5818D92821003C8730 /* PBXTargetDependency */,
			);
			name = CustomTabbarTestTests;
			productName = CustomTabbarTestTests;
			productReference = CFAE8B5218D92821003C8730 /* CustomTabbarTestTests.xctest */;
			productType = "com.apple.product-type.bundle.unit-test";
		};
/* End PBXNativeTarget section */

/* Begin PBXProject section */
		CFAE8B2618D92821003C8730 /* Project object */ = {
			isa = PBXProject;
			attributes = {
				LastUpgradeCheck = 0510;
				ORGANIZATIONNAME = Leelen;
				TargetAttributes = {
					CFAE8B5118D92821003C8730 = {
						TestTargetID = CFAE8B2D18D92821003C8730;
					};
				};
			};
			buildConfigurationList = CFAE8B2918D92821003C8730 /* Build configuration list for PBXProject "CustomTabbarTest" */;
			compatibilityVersion = "Xcode 3.2";
			developmentRegion = English;
			hasScannedForEncodings = 0;
			knownRegions = (
				en,
				Base,
			);
			mainGroup = CFAE8B2518D92821003C8730;
			productRefGroup = CFAE8B2F18D92821003C8730 /* Products */;
			projectDirPath = "";
			projectRoot = "";
			targets = (
				CFAE8B2D18D92821003C8730 /* CustomTabbarTest */,
				CFAE8B5118D92821003C8730 /* CustomTabbarTestTests */,
			);
		};
/* End PBXProject section */

/* Begin PBXResourcesBuildPhase section */
		CFAE8B2C18D92821003C8730 /* Resources */ = {
			isa = PBXResourcesBuildPhase;
			buildActionMask = 2147483647;
			files = (
				CFAE8B4818D92821003C8730 /* Main_iPad.storyboard in Resources */,
				CFAE8B4D18D92821003C8730 /* Images.xcassets in Resources */,
				CFAE8B4518D92821003C8730 /* Main_iPhone.storyboard in Resources */,
				CFAE8B3C18D92821003C8730 /* InfoPlist.strings in Resources */,
			);
			runOnlyForDeploymentPostprocessing = 0;
		};
		CFAE8B5018D92821003C8730 /* Resources */ = {
			isa = PBXResourcesBuildPhase;
			buildActionMask = 2147483647;
			files = (
				CFAE8B5E18D92821003C8730 /* InfoPlist.strings in Resources */,
			);
			runOnlyForDeploymentPostprocessing = 0;
		};
/* End PBXResourcesBuildPhase section */

/* Begin PBXSourcesBuildPhase section */
		CFAE8B2A18D92821003C8730 /* Sources */ = {
			isa = PBXSourcesBuildPhase;
			buildActionMask = 2147483647;
			files = (
				CFAE8B4B18D92821003C8730 /* ViewController.m in Sources */,
				CFAE8B4218D92821003C8730 /* AppDelegate.m in Sources */,
				CFAE8B3E18D92821003C8730 /* main.m in Sources */,
			);
			runOnlyForDeploymentPostprocessing = 0;
		};
		CFAE8B4E18D92821003C8730 /* Sources */ = {
			isa = PBXSourcesBuildPhase;
			buildActionMask = 2147483647;
			files = (
				CFAE8B6018D92821003C8730 /* CustomTabbarTestTests.m in Sources */,
			);
			runOnlyForDeploymentPostprocessing = 0;
		};
/* End PBXSourcesBuildPhase section */

/* Begin PBXTargetDependency section */
		CFAE8B5818D92821003C8730 /* PBXTargetDependency */ = {
			isa = PBXTargetDependency;
			target = CFAE8B2D18D92821003C8730 /* CustomTabbarTest */;
			targetProxy = CFAE8B5718D92821003C8730 /* PBXContainerItemProxy */;
		};
/* End PBXTargetDependency section */

/* Begin PBXVariantGroup section */
		CFAE8B3A18D92821003C8730 /* InfoPlist.strings */ = {
			isa = PBXVariantGroup;
			children = (
				CFAE8B3B18D92821003C8730 /* en */,
			);
			name = InfoPlist.strings;
			sourceTree = "<group>";
		};
		CFAE8B4318D92821003C8730 /* Main_iPhone.storyboard */ = {
			isa = PBXVariantGroup;
			children = (
				CFAE8B4418D92821003C8730 /* Base */,
			);
			name = Main_iPhone.storyboard;
			sourceTree = "<group>";
		};
		CFAE8B4618D92821003C8730 /* Main_iPad.storyboard */ = {
			isa = PBXVariantGroup;
			children = (
				CFAE8B4718D92821003C8730 /* Base */,
			);
			name = Main_iPad.storyboard;
			sourceTree = "<group>";
		};
		CFAE8B5C18D92821003C8730 /* InfoPlist.strings */ = {
			isa = PBXVariantGroup;
			children = (
				CFAE8B5D18D92821003C8730 /* en */,
			);
			name = InfoPlist.strings;
			sourceTree = "<group>";
		};
/* End PBXVariantGroup section */

/* Begin XCBuildConfiguration section */
		CFAE8B6118D92821003C8730 /* Debug */ = {
			isa = XCBuildConfiguration;
			buildSettings = {
				ALWAYS_SEARCH_USER_PATHS = NO;
				CLANG_CXX_LANGUAGE_STANDARD = "gnu++0x";
				CLANG_CXX_LIBRARY = "libc++";
				CLANG_ENABLE_MODULES = YES;
				CLANG_ENABLE_OBJC_ARC = YES;
				CLANG_WARN_BOOL_CONVERSION = YES;
				CLANG_WARN_CONSTANT_CONVERSION = YES;
				CLANG_WARN_DIRECT_OBJC_ISA_USAGE = YES_ERROR;
				CLANG_WARN_EMPTY_BODY = YES;
				CLANG_WARN_ENUM_CONVERSION = YES;
				CLANG_WARN_INT_CONVERSION = YES;
				CLANG_WARN_OBJC_ROOT_CLASS = YES_ERROR;
				CLANG_WARN__DUPLICATE_METHOD_MATCH = YES;
				"CODE_SIGN_IDENTITY[sdk=iphoneos*]" = "iPhone Developer";
				COPY_PHASE_STRIP = NO;
				GCC_C_LANGUAGE_STANDARD = gnu99;
				GCC_DYNAMIC_NO_PIC = NO;
				GCC_OPTIMIZATION_LEVEL = 0;
				GCC_PREPROCESSOR_DEFINITIONS = (
					"DEBUG=1",
					"$(inherited)",
				);
				GCC_SYMBOLS_PRIVATE_EXTERN = NO;
				GCC_WARN_64_TO_32_BIT_CONVERSION = YES;
				GCC_WARN_ABOUT_RETURN_TYPE = YES_ERROR;
				GCC_WARN_UNDECLARED_SELECTOR = YES;
				GCC_WARN_UNINITIALIZED_AUTOS = YES_AGGRESSIVE;
				GCC_WARN_UNUSED_FUNCTION = YES;
				GCC_WARN_UNUSED_VARIABLE = YES;
				IPHONEOS_DEPLOYMENT_TARGET = 7.1;
				ONLY_ACTIVE_ARCH = YES;
				SDKROOT = iphoneos;
				TARGETED_DEVICE_FAMILY = "1,2";
			};
			name = Debug;
		};
		CFAE8B6218D92821003C8730 /* Release */ = {
			isa = XCBuildConfiguration;
			buildSettings = {
				ALWAYS_SEARCH_USER_PATHS = NO;
				CLANG_CXX_LANGUAGE_STANDARD = "gnu++0x";
				CLANG_CXX_LIBRARY = "libc++";
				CLANG_ENABLE_MODULES = YES;
				CLANG_ENABLE_OBJC_ARC = YES;
				CLANG_WARN_BOOL_CONVERSION = YES;
				CLANG_WARN_CONSTANT_CONVERSION = YES;
				CLANG_WARN_DIRECT_OBJC_ISA_USAGE = YES_ERROR;
				CLANG_WARN_EMPTY_BODY = YES;
				CLANG_WARN_ENUM_CONVERSION = YES;
				CLANG_WARN_INT_CONVERSION = YES;
				CLANG_WARN_OBJC_ROOT_CLASS = YES_ERROR;
				CLANG_WARN__DUPLICATE_METHOD_MATCH = YES;
				"CODE_SIGN_IDENTITY[sdk=iphoneos*]" = "iPhone Developer";
				COPY_PHASE_STRIP = YES;
				ENABLE_NS_ASSERTIONS = NO;
				GCC_C_LANGUAGE_STANDARD = gnu99;
				GCC_WARN_64_TO_32_BIT_CONVERSION = YES;
				GCC_WARN_ABOUT_RETURN_TYPE = YES_ERROR;
				GCC_WARN_UNDECLARED_SELECTOR = YES;
				GCC_WARN_UNINITIALIZED_AUTOS = YES_AGGRESSIVE;
				GCC_WARN_UNUSED_FUNCTION = YES;
				GCC_WARN_UNUSED_VARIABLE = YES;
				IPHONEOS_DEPLOYMENT_TARGET = 7.1;
				SDKROOT = iphoneos;
				TARGETED_DEVICE_FAMILY = "1,2";
				VALIDATE_PRODUCT = YES;
			};
			name = Release;
		};
		CFAE8B6418D92821003C8730 /* Debug */ = {
			isa = XCBuildConfiguration;
			buildSettings = {
				ASSETCATALOG_COMPILER_APPICON_NAME = AppIcon;
				ASSETCATALOG_COMPILER_LAUNCHIMAGE_NAME = LaunchImage;
				GCC_PRECOMPILE_PREFIX_HEADER = YES;
				GCC_PREFIX_HEADER = "CustomTabbarTest/CustomTabbarTest-Prefix.pch";
				INFOPLIST_FILE = "CustomTabbarTest/CustomTabbarTest-Info.plist";
				PRODUCT_NAME = "$(TARGET_NAME)";
				WRAPPER_EXTENSION = app;
			};
			name = Debug;
		};
		CFAE8B6518D92821003C8730 /* Release */ = {
			isa = XCBuildConfiguration;
			buildSettings = {
				ASSETCATALOG_COMPILER_APPICON_NAME = AppIcon;
				ASSETCATALOG_COMPILER_LAUNCHIMAGE_NAME = LaunchImage;
				GCC_PRECOMPILE_PREFIX_HEADER = YES;
				GCC_PREFIX_HEADER = "CustomTabbarTest/CustomTabbarTest-Prefix.pch";
				INFOPLIST_FILE = "CustomTabbarTest/CustomTabbarTest-Info.plist";
				PRODUCT_NAME = "$(TARGET_NAME)";
				WRAPPER_EXTENSION = app;
			};
			name = Release;
		};
		CFAE8B6718D92821003C8730 /* Debug */ = {
			isa = XCBuildConfiguration;
			buildSettings = {
				BUNDLE_LOADER = "$(BUILT_PRODUCTS_DIR)/CustomTabbarTest.app/CustomTabbarTest";
				FRAMEWORK_SEARCH_PATHS = (
					"$(SDKROOT)/Developer/Library/Frameworks",
					"$(inherited)",
					"$(DEVELOPER_FRAMEWORKS_DIR)",
				);
				GCC_PRECOMPILE_PREFIX_HEADER = YES;
				GCC_PREFIX_HEADER = "CustomTabbarTest/CustomTabbarTest-Prefix.pch";
				GCC_PREPROCESSOR_DEFINITIONS = (
					"DEBUG=1",
					"$(inherited)",
				);
				INFOPLIST_FILE = "CustomTabbarTestTests/CustomTabbarTestTests-Info.plist";
				PRODUCT_NAME = "$(TARGET_NAME)";
				TEST_HOST = "$(BUNDLE_LOADER)";
				WRAPPER_EXTENSION = xctest;
			};
			name = Debug;
		};
		CFAE8B6818D92821003C8730 /* Release */ = {
			isa = XCBuildConfiguration;
			buildSettings = {
				BUNDLE_LOADER = "$(BUILT_PRODUCTS_DIR)/CustomTabbarTest.app/CustomTabbarTest";
				FRAMEWORK_SEARCH_PATHS = (
					"$(SDKROOT)/Developer/Library/Frameworks",
					"$(inherited)",
					"$(DEVELOPER_FRAMEWORKS_DIR)",
				);
				GCC_PRECOMPILE_PREFIX_HEADER = YES;
				GCC_PREFIX_HEADER = "CustomTabbarTest/CustomTabbarTest-Prefix.pch";
				INFOPLIST_FILE = "CustomTabbarTestTests/CustomTabbarTestTests-Info.plist";
				PRODUCT_NAME = "$(TARGET_NAME)";
				TEST_HOST = "$(BUNDLE_LOADER)";
				WRAPPER_EXTENSION = xctest;
			};
			name = Release;
		};
/* End XCBuildConfiguration section */

/* Begin XCConfigurationList section */
		CFAE8B2918D92821003C8730 /* Build configuration list for PBXProject "CustomTabbarTest" */ = {
			isa = XCConfigurationList;
			buildConfigurations = (
				CFAE8B6118D92821003C8730 /* Debug */,
				CFAE8B6218D92821003C8730 /* Release */,
			);
			defaultConfigurationIsVisible = 0;
			defaultConfigurationName = Release;
		};
		CFAE8B6318D92821003C8730 /* Build configuration list for PBXNativeTarget "CustomTabbarTest" */ = {
			isa = XCConfigurationList;
			buildConfigurations = (
				CFAE8B6418D92821003C8730 /* Debug */,
				CFAE8B6518D92821003C8730 /* Release */,
			);
			defaultConfigurationIsVisible = 0;
		};
		CFAE8B6618D92821003C8730 /* Build configuration list for PBXNativeTarget "CustomTabbarTestTests" */ = {
			isa = XCConfigurationList;
			buildConfigurations = (
				CFAE8B6718D92821003C8730 /* Debug */,
				CFAE8B6818D92821003C8730 /* Release */,
			);
			defaultConfigurationIsVisible = 0;
		};
/* End XCConfigurationList section */
	};
	rootObject = CFAE8B2618D92821003C8730 /* Project object */;
}
